
Microsoft Visual Studio Solution File, Format Version 12.00
# Visual Studio Version 17
VisualStudioVersion = 17.11.35327.3
MinimumVisualStudioVersion = 10.0.40219.1
Project("{FAE04EC0-301F-11D3-BF4B-00C04F79EFBC}") = "ISOLib-3166-1-2", "ISOLib-3166-1-2\ISOLib-3166-1-2.csproj", "{78C86BCC-EDA8-45C1-B6E7-460301E59DA2}"
EndProject
Global
	GlobalSection(SolutionConfigurationPlatforms) = preSolution
		Debug|Any CPU = Debug|Any CPU
		Release|Any CPU = Release|Any CPU
	EndGlobalSection
	GlobalSection(ProjectConfigurationPlatforms) = postSolution
		{78C86BCC-EDA8-45C1-B6E7-460301E59DA2}.Debug|Any CPU.ActiveCfg = Debug|Any CPU
		{78C86BCC-EDA8-45C1-B6E7-460301E59DA2}.Debug|Any CPU.Build.0 = Debug|Any CPU
		{78C86BCC-EDA8-45C1-B6E7-460301E59DA2}.Release|Any CPU.ActiveCfg = Release|Any CPU
		{78C86BCC-EDA8-45C1-B6E7-460301E59DA2}.Release|Any CPU.Build.0 = Release|Any CPU
	EndGlobalSection
	GlobalSection(SolutionProperties) = preSolution
		HideSolutionNode = FALSE
	EndGlobalSection
	GlobalSection(ExtensibilityGlobals) = postSolution
		SolutionGuid = {3D129722-8F59-4913-AE7F-937277AC37BE}
	EndGlobalSection
EndGlobal
